
Microsoft Visual Studio Solution File, Format Version 12.00
# Visual Studio Version 17
VisualStudioVersion = 17.1.32421.90
MinimumVisualStudioVersion = 10.0.40219.1
Project("{9A19103F-16F7-4668-BE54-9A1E7A4F7556}") = "Delivery.WinApp1", "TelaCadastroPessoasWinApp1\Delivery.WinApp1.csproj", "{3984F78B-01E0-491A-81D4-29BAD375FDD6}"
EndProject
Project("{00D1A9C2-B5F0-4AF3-8072-F6C62B433612}") = "DeliveryBD", "DeliveryBD\DeliveryBD.sqlproj", "{B0A8E6A6-0EBA-4DE8-8BE3-A7A407CDC804}"
EndProject
Global
	GlobalSection(SolutionConfigurationPlatforms) = preSolution
		Debug|Any CPU = Debug|Any CPU
		Release|Any CPU = Release|Any CPU
	EndGlobalSection
	GlobalSection(ProjectConfigurationPlatforms) = postSolution
		{3984F78B-01E0-491A-81D4-29BAD375FDD6}.Debug|Any CPU.ActiveCfg = Debug|Any CPU
		{3984F78B-01E0-491A-81D4-29BAD375FDD6}.Debug|Any CPU.Build.0 = Debug|Any CPU
		{3984F78B-01E0-491A-81D4-29BAD375FDD6}.Release|Any CPU.ActiveCfg = Release|Any CPU
		{3984F78B-01E0-491A-81D4-29BAD375FDD6}.Release|Any CPU.Build.0 = Release|Any CPU
		{B0A8E6A6-0EBA-4DE8-8BE3-A7A407CDC804}.Debug|Any CPU.ActiveCfg = Debug|Any CPU
		{B0A8E6A6-0EBA-4DE8-8BE3-A7A407CDC804}.Debug|Any CPU.Build.0 = Debug|Any CPU
		{B0A8E6A6-0EBA-4DE8-8BE3-A7A407CDC804}.Debug|Any CPU.Deploy.0 = Debug|Any CPU
		{B0A8E6A6-0EBA-4DE8-8BE3-A7A407CDC804}.Release|Any CPU.ActiveCfg = Release|Any CPU
		{B0A8E6A6-0EBA-4DE8-8BE3-A7A407CDC804}.Release|Any CPU.Build.0 = Release|Any CPU
		{B0A8E6A6-0EBA-4DE8-8BE3-A7A407CDC804}.Release|Any CPU.Deploy.0 = Release|Any CPU
	EndGlobalSection
	GlobalSection(SolutionProperties) = preSolution
		HideSolutionNode = FALSE
	EndGlobalSection
	GlobalSection(ExtensibilityGlobals) = postSolution
		SolutionGuid = {A6D40EEE-86D3-4003-B348-280122740ADA}
	EndGlobalSection
EndGlobal
